Microsoft Visual Studio Solution File, Format Version 11.00
# Visual Studio 2008

Project("{719FE280-04FC-DD81-A820-602924AA8074}") = "Maya", "Assembly-CSharp.csproj", "{ADE755D0-9685-51CF-A4CE-EB9E01F42494}"
EndProject
Project("{719FE280-04FC-DD81-A820-602924AA8074}") = "Maya", "Assembly-CSharp-Editor.csproj", "{F1DCE1F9-9F45-80BB-58D9-55FC5458CDF3}"
EndProject
Global
	GlobalSection(SolutionConfigurationPlatforms) = preSolution
		Debug|Any CPU = Debug|Any CPU
		Release|Any CPU = Release|Any CPU
	EndGlobalSection
	GlobalSection(ProjectConfigurationPlatforms) = postSolution
		{ADE755D0-9685-51CF-A4CE-EB9E01F42494}.Debug|Any CPU.ActiveCfg = Debug|Any CPU
		{ADE755D0-9685-51CF-A4CE-EB9E01F42494}.Debug|Any CPU.Build.0 = Debug|Any CPU
		{ADE755D0-9685-51CF-A4CE-EB9E01F42494}.Release|Any CPU.ActiveCfg = Release|Any CPU
		{ADE755D0-9685-51CF-A4CE-EB9E01F42494}.Release|Any CPU.Build.0 = Release|Any CPU
		{F1DCE1F9-9F45-80BB-58D9-55FC5458CDF3}.Debug|Any CPU.ActiveCfg = Debug|Any CPU
		{F1DCE1F9-9F45-80BB-58D9-55FC5458CDF3}.Debug|Any CPU.Build.0 = Debug|Any CPU
		{F1DCE1F9-9F45-80BB-58D9-55FC5458CDF3}.Release|Any CPU.ActiveCfg = Release|Any CPU
		{F1DCE1F9-9F45-80BB-58D9-55FC5458CDF3}.Release|Any CPU.Build.0 = Release|Any CPU
	EndGlobalSection
	GlobalSection(SolutionProperties) = preSolution
		HideSolutionNode = FALSE
	EndGlobalSection
	GlobalSection(MonoDevelopProperties) = preSolution
		StartupItem = Assembly-CSharp.csproj
	EndGlobalSection
EndGlobal
